
Microsoft Visual Studio Solution File, Format Version 12.00
# Visual Studio 15
VisualStudioVersion = 15.0.28307.2092
MinimumVisualStudioVersion = 10.0.40219.1
Project("{FAE04EC0-301F-11D3-BF4B-00C04F79EFBC}") = "Learning-dot-net", "Learning-dot-net\Learning-dot-net.csproj", "{FC3D6650-0F90-4E28-BD7D-53AC551472A8}"
EndProject
Project("{FAE04EC0-301F-11D3-BF4B-00C04F79EFBC}") = "ConsoleApp", "ConsoleApp\ConsoleApp.csproj", "{B79C3E82-CDFB-4245-8BFD-87827ACAD053}"
EndProject
Project("{FAE04EC0-301F-11D3-BF4B-00C04F79EFBC}") = "WindowsFormsApp1", "WindowsFormsApp1\WindowsFormsApp1.csproj", "{0A121EDE-04ED-441F-A23D-533A8F1B472F}"
EndProject
Project("{FAE04EC0-301F-11D3-BF4B-00C04F79EFBC}") = "BasicApp", "BasicApp\BasicApp.csproj", "{559C8551-8DBB-47FC-8B2B-271DFF1F8F9F}"
EndProject
Project("{FAE04EC0-301F-11D3-BF4B-00C04F79EFBC}") = "SchoolWeb", "SchoolWeb\SchoolWeb.csproj", "{ED80FC1E-C83A-4875-8284-B8C104F380E6}"
EndProject
Global
	GlobalSection(SolutionConfigurationPlatforms) = preSolution
		Debug|Any CPU = Debug|Any CPU
		Release|Any CPU = Release|Any CPU
	EndGlobalSection
	GlobalSection(ProjectConfigurationPlatforms) = postSolution
		{FC3D6650-0F90-4E28-BD7D-53AC551472A8}.Debug|Any CPU.ActiveCfg = Debug|Any CPU
		{FC3D6650-0F90-4E28-BD7D-53AC551472A8}.Debug|Any CPU.Build.0 = Debug|Any CPU
		{FC3D6650-0F90-4E28-BD7D-53AC551472A8}.Release|Any CPU.ActiveCfg = Release|Any CPU
		{FC3D6650-0F90-4E28-BD7D-53AC551472A8}.Release|Any CPU.Build.0 = Release|Any CPU
		{B79C3E82-CDFB-4245-8BFD-87827ACAD053}.Debug|Any CPU.ActiveCfg = Debug|Any CPU
		{B79C3E82-CDFB-4245-8BFD-87827ACAD053}.Debug|Any CPU.Build.0 = Debug|Any CPU
		{B79C3E82-CDFB-4245-8BFD-87827ACAD053}.Release|Any CPU.ActiveCfg = Release|Any CPU
		{B79C3E82-CDFB-4245-8BFD-87827ACAD053}.Release|Any CPU.Build.0 = Release|Any CPU
		{0A121EDE-04ED-441F-A23D-533A8F1B472F}.Debug|Any CPU.ActiveCfg = Debug|Any CPU
		{0A121EDE-04ED-441F-A23D-533A8F1B472F}.Debug|Any CPU.Build.0 = Debug|Any CPU
		{0A121EDE-04ED-441F-A23D-533A8F1B472F}.Release|Any CPU.ActiveCfg = Release|Any CPU
		{0A121EDE-04ED-441F-A23D-533A8F1B472F}.Release|Any CPU.Build.0 = Release|Any CPU
		{559C8551-8DBB-47FC-8B2B-271DFF1F8F9F}.Debug|Any CPU.ActiveCfg = Debug|Any CPU
		{559C8551-8DBB-47FC-8B2B-271DFF1F8F9F}.Debug|Any CPU.Build.0 = Debug|Any CPU
		{559C8551-8DBB-47FC-8B2B-271DFF1F8F9F}.Release|Any CPU.ActiveCfg = Release|Any CPU
		{559C8551-8DBB-47FC-8B2B-271DFF1F8F9F}.Release|Any CPU.Build.0 = Release|Any CPU
		{ED80FC1E-C83A-4875-8284-B8C104F380E6}.Debug|Any CPU.ActiveCfg = Debug|Any CPU
		{ED80FC1E-C83A-4875-8284-B8C104F380E6}.Debug|Any CPU.Build.0 = Debug|Any CPU
		{ED80FC1E-C83A-4875-8284-B8C104F380E6}.Release|Any CPU.ActiveCfg = Release|Any CPU
		{ED80FC1E-C83A-4875-8284-B8C104F380E6}.Release|Any CPU.Build.0 = Release|Any CPU
	EndGlobalSection
	GlobalSection(SolutionProperties) = preSolution
		HideSolutionNode = FALSE
	EndGlobalSection
	GlobalSection(ExtensibilityGlobals) = postSolution
		SolutionGuid = {02CD7900-F0F9-4000-837B-BC2203847A34}
	EndGlobalSection
EndGlobal
